dependencies:
  espressif/cjson:
    component_hash: 002c6d1872ee4c97d333938ebe107a29841cc847f9de89e676714bd2844057ea
    dependencies:
    - name: idf
      require: private
      version: '>=5.0'
    source:
      registry_url: https://components.espressif.com/
      type: service
    version: 1.7.19~1
  idf:
    source:
      type: idf
    version: 5.5.1
direct_dependencies:
- espressif/cjson
manifest_hash: 39808199a139b1227a815dbf69ab444a035d8e68c98efaa45268500722040638
target: esp32c3
version: 2.0.0
